
Microsoft Visual Studio Solution File, Format Version 12.00
# Visual Studio Version 17
VisualStudioVersion = 17.14.37502.11 d17.14
MinimumVisualStudioVersion = 10.0.40219.1
Project("{FAE04EC0-301F-11D3-BF4B-00C04F79EFBC}") = "BBMS", "BBMS\BBMS.csproj", "{C9B64522-7F8C-45B3-8A32-A03BB84CC4A6}"
EndProject
Global
	GlobalSection(SolutionConfigurationPlatforms) = preSolution
		Debug|Any CPU = Debug|Any CPU
		Release|Any CPU = Release|Any CPU
	EndGlobalSection
	GlobalSection(ProjectConfigurationPlatforms) = postSolution
		{C9B64522-7F8C-45B3-8A32-A03BB84CC4A6}.Debug|Any CPU.ActiveCfg = Debug|Any CPU
		{C9B64522-7F8C-45B3-8A32-A03BB84CC4A6}.Debug|Any CPU.Build.0 = Debug|Any CPU
		{C9B64522-7F8C-45B3-8A32-A03BB84CC4A6}.Release|Any CPU.ActiveCfg = Release|Any CPU
		{C9B64522-7F8C-45B3-8A32-A03BB84CC4A6}.Release|Any CPU.Build.0 = Release|Any CPU
	EndGlobalSection
	GlobalSection(SolutionProperties) = preSolution
		HideSolutionNode = FALSE
	EndGlobalSection
	GlobalSection(ExtensibilityGlobals) = postSolution
		SolutionGuid = {8117495A-B3CC-46DC-BAA7-49882D638DE0}
	EndGlobalSection
EndGlobal
